<?xml version="1.0" encoding="utf-8"?>
<Project ToolsVersion="4.0" xmlns="http://schemas.microsoft.com/developer/msbuild/2003">
  <ItemGroup>
    <Filter Include="Source Files">
      <UniqueIdentifier>{4FC737F1-C7A5-4376-A066-2A32D752A2FF}</UniqueIdentifier>
      <Extensions>cpp;c;cc;cxx;c++;cppm;ixx;def;odl;idl;hpj;bat;asm;asmx</Extensions>
    </Filter>
    <Filter Include="Header Files">
      <UniqueIdentifier>{93995380-89BD-4b04-88EB-625FBE52EBFB}</UniqueIdentifier>
      <Extensions>h;hh;hpp;hxx;h++;hm;inl;inc;ipp;xsd</Extensions>
    </Filter>
    <Filter Include="Resource Files">
      <UniqueIdentifier>{67DA6AB6-F800-4c08-8B7A-83BB121AAD01}</UniqueIdentifier>
      <Extensions>rc;ico;cur;bmp;dlg;rc2;rct;bin;rgs;gif;jpg;jpeg;jpe;resx;tiff;tif;png;wav;mfcribbon-ms</Extensions>
    </Filter>
    <Filter Include="Header Files\Panels">
      <UniqueIdentifier>{81f562e7-3096-4550-9be8-135f0a5c524e}</UniqueIdentifier>
    </Filter>
    <Filter Include="Header Files\Windows">
      <UniqueIdentifier>{68800037-75c1-43bf-9a62-8e5c5c18520e}</UniqueIdentifier>
    </Filter>
    <Filter Include="Source Files\Panels">
      <UniqueIdentifier>{44055ef1-53ff-4c67-a526-3f38f8336c8e}</UniqueIdentifier>
    </Filter>
    <Filter Include="Source Files\Windows">
      <UniqueIdentifier>{12ddd0df-aab1-47ac-9bca-6834e09e8bd2}</UniqueIdentifier>
    </Filter>
    <Filter Include="Header Files\Game">
      <UniqueIdentifier>{87b739af-3f19-4c26-8290-23658462b5e9}</UniqueIdentifier>
    </Filter>
    <Filter Include="Source Files\Game">
      <UniqueIdentifier>{e79ea26e-7112-4db1-915f-3350ab8518c2}</UniqueIdentifier>
    </Filter>
    <Filter Include="Header Files\Data">
      <UniqueIdentifier>{76a75e71-08af-41dc-acb3-b620983c4648}</UniqueIdentifier>
    </Filter>
  </ItemGroup>
  <ItemGroup>
    <ClInclude Include="Resource.h">
      <Filter>Header Files</Filter>
    </ClInclude>
    <ClInclude Include="stb_image.h">
      <Filter>Source Files\Panels</Filter>
    </ClInclude>
  </ItemGroup>
  <ItemGroup>
    <ClCompile Include="ConnectionFailedWindow.cpp">
      <Filter>Source Files\Windows</Filter>
    </ClCompile>
    <ClCompile Include="HostPanel.cpp">
      <Filter>Source Files\Panels</Filter>
    </ClCompile>
    <ClCompile Include="LoginWindow.cpp">
      <Filter>Source Files\Windows</Filter>
    </ClCompile>
    <ClCompile Include="MainMenuWindow.cpp">
      <Filter>Source Files\Windows</Filter>
    </ClCompile>
    <ClCompile Include="RegisterWindow.cpp">
      <Filter>Source Files\Windows</Filter>
    </ClCompile>
    <ClCompile Include="Utils.cpp">
      <Filter>Source Files</Filter>
    </ClCompile>
    <ClCompile Include="ApiClient.cpp">
      <Filter>Source Files\Game</Filter>
    </ClCompile>
    <ClCompile Include="CardWidget.cpp">
      <Filter>Source Files\Game</Filter>
    </ClCompile>
    <ClCompile Include="DeckWidget.cpp">
      <Filter>Source Files\Game</Filter>
    </ClCompile>
    <ClCompile Include="PileWidget.cpp">
      <Filter>Source Files\Game</Filter>
    </ClCompile>
    <ClCompile Include="main.cpp">
      <Filter>Source Files\Game</Filter>
    </ClCompile>
    <ClCompile Include="GamePanel.cpp">
      <Filter>Source Files\Game</Filter>
    </ClCompile>
    <ClCompile Include="LoginWindow.cppm">
      <Filter>Header Files\Windows</Filter>
    </ClCompile>
    <ClCompile Include="MainMenuWindow.cppm">
      <Filter>Header Files\Windows</Filter>
    </ClCompile>
    <ClCompile Include="RegisterWindow.cppm">
      <Filter>Header Files\Windows</Filter>
    </ClCompile>
    <ClCompile Include="IWindow.cppm">
      <Filter>Header Files\Windows</Filter>
    </ClCompile>
    <ClCompile Include="ConnectionFailedWindow.cppm">
      <Filter>Header Files\Windows</Filter>
    </ClCompile>
    <ClCompile Include="UserProfile.cppm">
      <Filter>Header Files\Data</Filter>
    </ClCompile>
    <ClCompile Include="HostPanel.cppm">
      <Filter>Header Files\Panels</Filter>
    </ClCompile>
    <ClCompile Include="GamePanel.cppm">
      <Filter>Header Files\Game</Filter>
    </ClCompile>
    <ClCompile Include="DeckWidget.cppm">
      <Filter>Header Files\Game</Filter>
    </ClCompile>
    <ClCompile Include="CardWidget.cppm">
      <Filter>Header Files\Game</Filter>
    </ClCompile>
    <ClCompile Include="PileWidget.cppm">
      <Filter>Header Files\Game</Filter>
    </ClCompile>
    <ClCompile Include="ApiClient.cppm">
      <Filter>Header Files\Game</Filter>
    </ClCompile>
    <ClCompile Include="Utils.cppm">
      <Filter>Header Files</Filter>
    </ClCompile>
    <ClCompile Include="SettingsState.cppm">
      <Filter>Header Files</Filter>
    </ClCompile>
  </ItemGroup>
  <ItemGroup>
    <ResourceCompile Include="HTTPClient.rc">
      <Filter>Resource Files</Filter>
    </ResourceCompile>
  </ItemGroup>
  <ItemGroup>
    <Image Include="..\..\..\..\Downloads\TheGame.ico">
      <Filter>Resource Files</Filter>
    </Image>
  </ItemGroup>
</Project>