<?xml version="1.0" encoding="utf-8"?>
<Project ToolsVersion="4.0" xmlns="http://schemas.microsoft.com/developer/msbuild/2003">
  <ItemGroup>
    <Filter Include="Source Files">
      <UniqueIdentifier>{4FC737F1-C7A5-4376-A066-2A32D752A2FF}</UniqueIdentifier>
      <Extensions>cpp;c;cc;cxx;c++;cppm;ixx;def;odl;idl;hpj;bat;asm;asmx</Extensions>
    </Filter>
    <Filter Include="Header Files">
      <UniqueIdentifier>{93995380-89BD-4b04-88EB-625FBE52EBFB}</UniqueIdentifier>
      <Extensions>h;hh;hpp;hxx;h++;hm;inl;inc;ipp;xsd</Extensions>
    </Filter>
    <Filter Include="Resource Files">
      <UniqueIdentifier>{67DA6AB6-F800-4c08-8B7A-83BB121AAD01}</UniqueIdentifier>
      <Extensions>rc;ico;cur;bmp;dlg;rc2;rct;bin;rgs;gif;jpg;jpeg;jpe;resx;tiff;tif;png;wav;mfcribbon-ms</Extensions>
    </Filter>
    <Filter Include="Source Files\Lobby">
      <UniqueIdentifier>{8002eb56-7bd3-42dc-9305-3c68a166ba02}</UniqueIdentifier>
    </Filter>
    <Filter Include="Header Files\Lobby">
      <UniqueIdentifier>{d4703f98-ce34-4d0c-85cd-37914bda8a22}</UniqueIdentifier>
    </Filter>
    <Filter Include="Header Files\Database">
      <UniqueIdentifier>{af687893-1178-43d0-83d6-0a923c20968f}</UniqueIdentifier>
    </Filter>
    <Filter Include="Source Files\Database">
      <UniqueIdentifier>{0639d32a-e7ed-410b-8474-494ba727105b}</UniqueIdentifier>
    </Filter>
    <Filter Include="Header Files\Core">
      <UniqueIdentifier>{c83f3247-2bc9-4e9d-bbcc-88fb4710fac1}</UniqueIdentifier>
    </Filter>
    <Filter Include="Source Files\Core">
      <UniqueIdentifier>{415a4bf8-4856-4e9d-a7ee-e94c4ab3e993}</UniqueIdentifier>
    </Filter>
  </ItemGroup>
  <ItemGroup>
    <ClCompile Include="main.cpp">
      <Filter>Source Files</Filter>
    </ClCompile>
    <ClCompile Include="Lobby.cpp">
      <Filter>Source Files\Lobby</Filter>
    </ClCompile>
    <ClCompile Include="LobbyManager.cpp">
      <Filter>Source Files\Lobby</Filter>
    </ClCompile>
    <ClCompile Include="LobbyRoutes.cpp">
      <Filter>Source Files\Lobby</Filter>
    </ClCompile>
    <ClCompile Include="AuthenticationRoutes.cppm">
      <Filter>Header Files</Filter>
    </ClCompile>
    <ClCompile Include="AuthenticationRoutes.cpp">
      <Filter>Source Files</Filter>
    </ClCompile>
    <ClCompile Include="Lobby.cppm">
      <Filter>Header Files\Lobby</Filter>
    </ClCompile>
    <ClCompile Include="LobbyManager.cppm">
      <Filter>Header Files\Lobby</Filter>
    </ClCompile>
    <ClCompile Include="LobbyRoutes.cppm">
      <Filter>Header Files\Lobby</Filter>
    </ClCompile>
    <ClCompile Include="DatabaseStructures.cppm">
      <Filter>Header Files\Database</Filter>
    </ClCompile>
    <ClCompile Include="DatabaseManager.cpp">
      <Filter>Source Files\Database</Filter>
    </ClCompile>
    <ClCompile Include="DatabaseManager.cppm">
      <Filter>Header Files\Database</Filter>
    </ClCompile>
    <ClCompile Include="Card.cppm">
      <Filter>Header Files\Core</Filter>
    </ClCompile>
    <ClCompile Include="Deck.cppm">
      <Filter>Header Files\Core</Filter>
    </ClCompile>
    <ClCompile Include="Player.cppm">
      <Filter>Header Files\Core</Filter>
    </ClCompile>
    <ClCompile Include="SessionManager.cppm">
      <Filter>Header Files\Core</Filter>
    </ClCompile>
    <ClCompile Include="Table.cppm">
      <Filter>Header Files\Core</Filter>
    </ClCompile>
    <ClCompile Include="Card.cpp">
      <Filter>Source Files\Core</Filter>
    </ClCompile>
    <ClCompile Include="Deck.cpp">
      <Filter>Source Files\Core</Filter>
    </ClCompile>
    <ClCompile Include="Player.cpp">
      <Filter>Source Files\Core</Filter>
    </ClCompile>
    <ClCompile Include="SessionManager.cpp">
      <Filter>Source Files\Core</Filter>
    </ClCompile>
    <ClCompile Include="Table.cpp">
      <Filter>Source Files\Core</Filter>
    </ClCompile>
    <ClCompile Include="ChatFilter.cppm">
      <Filter>Header Files\Core</Filter>
    </ClCompile>
  </ItemGroup>
</Project>